
Microsoft Visual Studio Solution File, Format Version 12.00
# Visual Studio 15
Project("{FAE04EC0-301F-11D3-BF4B-00C04F79EFBC}") = "Assembly-CSharp", "Assembly-CSharp.csproj", "{55A6F013-71BA-212A-A5A1-A8C0179D0F5F}"
EndProject
Project("{FAE04EC0-301F-11D3-BF4B-00C04F79EFBC}") = "Assembly-CSharp-firstpass", "Assembly-CSharp-firstpass.csproj", "{AF09708B-6C05-5510-9549-69C5DA1239A2}"
EndProject
Project("{FAE04EC0-301F-11D3-BF4B-00C04F79EFBC}") = "Assembly-CSharp-Editor-firstpass", "Assembly-CSharp-Editor-firstpass.csproj", "{04D7A510-7574-E16E-8C62-51C5746B0551}"
EndProject
Global
	GlobalSection(SolutionConfigurationPlatforms) = preSolution
		Debug|Any CPU = Debug|Any CPU
		Release|Any CPU = Release|Any CPU
	EndGlobalSection
	GlobalSection(ProjectConfigurationPlatforms) = postSolution
		{55A6F013-71BA-212A-A5A1-A8C0179D0F5F}.Debug|Any CPU.ActiveCfg = Debug|Any CPU
		{55A6F013-71BA-212A-A5A1-A8C0179D0F5F}.Debug|Any CPU.Build.0 = Debug|Any CPU
		{55A6F013-71BA-212A-A5A1-A8C0179D0F5F}.Release|Any CPU.ActiveCfg = Release|Any CPU
		{55A6F013-71BA-212A-A5A1-A8C0179D0F5F}.Release|Any CPU.Build.0 = Release|Any CPU
		{AF09708B-6C05-5510-9549-69C5DA1239A2}.Debug|Any CPU.ActiveCfg = Debug|Any CPU
		{AF09708B-6C05-5510-9549-69C5DA1239A2}.Debug|Any CPU.Build.0 = Debug|Any CPU
		{AF09708B-6C05-5510-9549-69C5DA1239A2}.Release|Any CPU.ActiveCfg = Release|Any CPU
		{AF09708B-6C05-5510-9549-69C5DA1239A2}.Release|Any CPU.Build.0 = Release|Any CPU
		{04D7A510-7574-E16E-8C62-51C5746B0551}.Debug|Any CPU.ActiveCfg = Debug|Any CPU
		{04D7A510-7574-E16E-8C62-51C5746B0551}.Debug|Any CPU.Build.0 = Debug|Any CPU
		{04D7A510-7574-E16E-8C62-51C5746B0551}.Release|Any CPU.ActiveCfg = Release|Any CPU
		{04D7A510-7574-E16E-8C62-51C5746B0551}.Release|Any CPU.Build.0 = Release|Any CPU
	EndGlobalSection
	GlobalSection(SolutionProperties) = preSolution
		HideSolutionNode = FALSE
	EndGlobalSection
EndGlobal
